# Configuration/Tasks/hardware_airlock.yml
# Isolate GPU and NVMe controllers from Windows NTFS drivers

title: Hardware Airlock - GPU & NVMe Isolation
description: >
  Forces target GPU and NVMe M.2 controllers into a quarantined state
  by replacing their Windows drivers with SymbioseNull.inf. This ensures
  Chaos-OS has exclusive bare-metal access via DDA passthrough.

actions:
  - !writeStatus: { status: 'Isolating GPU controller...' }
  - !run:
      exeDir: true
      exe: 'pnputil.exe'
      args: '/add-driver Drivers\SymbioseNull.inf /install /force'
      weight: 8
  - !writeStatus: { status: 'Isolating NVMe M.2 controller...' }
  - !run:
      exeDir: true
      exe: 'pnputil.exe'
      args: '/add-driver Drivers\SymbioseNull.inf /install /force'
      weight: 8
  - !writeStatus: { status: 'Hardware airlock engaged. Devices quarantined for Chaos-OS.' }
  - weight: 16
